
Microsoft Visual Studio Solution File, Format Version 12.00
# Visual Studio Version 17
VisualStudioVersion = 17.11.35327.3
MinimumVisualStudioVersion = 10.0.40219.1
Project("{9A19103F-16F7-4668-BE54-9A1E7A4F7556}") = "BankAccountManagementAPI", "BankAccountManagementAPI\BankAccountManagementAPI.csproj", "{D729D273-4A96-46AC-8320-CD03D0799D61}"
EndProject
Project("{9A19103F-16F7-4668-BE54-9A1E7A4F7556}") = "BankAccountManagementAPITesting", "BankAccountManagementAPITesting\BankAccountManagementAPITesting.csproj", "{C8587C32-53C1-4CF8-A11B-4973A86758A3}"
EndProject
Global
	GlobalSection(SolutionConfigurationPlatforms) = preSolution
		Debug|Any CPU = Debug|Any CPU
		Release|Any CPU = Release|Any CPU
	EndGlobalSection
	GlobalSection(ProjectConfigurationPlatforms) = postSolution
		{D729D273-4A96-46AC-8320-CD03D0799D61}.Debug|Any CPU.ActiveCfg = Debug|Any CPU
		{D729D273-4A96-46AC-8320-CD03D0799D61}.Debug|Any CPU.Build.0 = Debug|Any CPU
		{D729D273-4A96-46AC-8320-CD03D0799D61}.Release|Any CPU.ActiveCfg = Release|Any CPU
		{D729D273-4A96-46AC-8320-CD03D0799D61}.Release|Any CPU.Build.0 = Release|Any CPU
		{C8587C32-53C1-4CF8-A11B-4973A86758A3}.Debug|Any CPU.ActiveCfg = Debug|Any CPU
		{C8587C32-53C1-4CF8-A11B-4973A86758A3}.Debug|Any CPU.Build.0 = Debug|Any CPU
		{C8587C32-53C1-4CF8-A11B-4973A86758A3}.Release|Any CPU.ActiveCfg = Release|Any CPU
		{C8587C32-53C1-4CF8-A11B-4973A86758A3}.Release|Any CPU.Build.0 = Release|Any CPU
	EndGlobalSection
	GlobalSection(SolutionProperties) = preSolution
		HideSolutionNode = FALSE
	EndGlobalSection
	GlobalSection(ExtensibilityGlobals) = postSolution
		SolutionGuid = {35830B52-7872-4463-97C8-EDE74FBA6BD8}
	EndGlobalSection
EndGlobal
